
Microsoft Visual Studio Solution File, Format Version 12.00
# Visual Studio Version 17
VisualStudioVersion = 17.0.31903.59
MinimumVisualStudioVersion = 10.0.40219.1
Project("{FAE04EC0-301F-11D3-BF4B-00C04F79EFBC}") = "MeFriendApi.Domain", "MeFriendApi.Domain\MeFriendApi.Domain.csproj", "{080236DF-7EBE-480A-9DA9-30E78AD79090}"
EndProject
Project("{FAE04EC0-301F-11D3-BF4B-00C04F79EFBC}") = "MeFriendApi.Repository", "MeFriendApi.Repository\MeFriendApi.Repository.csproj", "{91C7E649-4D1F-403D-B663-549AE685E1B1}"
EndProject
Project("{FAE04EC0-301F-11D3-BF4B-00C04F79EFBC}") = "MeFriendApi.Services", "MeFriendApi.Services\MeFriendApi.Services.csproj", "{49D73832-2080-4839-9F8B-B76EC73E9C22}"
EndProject
Project("{FAE04EC0-301F-11D3-BF4B-00C04F79EFBC}") = "MeFriendApi", "MeFriendApi\MeFriendApi.csproj", "{5F3C5CCE-5A2D-459A-A64D-2597DF031580}"
EndProject
Global
	GlobalSection(SolutionConfigurationPlatforms) = preSolution
		Debug|Any CPU = Debug|Any CPU
		Release|Any CPU = Release|Any CPU
	EndGlobalSection
	GlobalSection(SolutionProperties) = preSolution
		HideSolutionNode = FALSE
	EndGlobalSection
	GlobalSection(ProjectConfigurationPlatforms) = postSolution
		{080236DF-7EBE-480A-9DA9-30E78AD79090}.Debug|Any CPU.ActiveCfg = Debug|Any CPU
		{080236DF-7EBE-480A-9DA9-30E78AD79090}.Debug|Any CPU.Build.0 = Debug|Any CPU
		{080236DF-7EBE-480A-9DA9-30E78AD79090}.Release|Any CPU.ActiveCfg = Release|Any CPU
		{080236DF-7EBE-480A-9DA9-30E78AD79090}.Release|Any CPU.Build.0 = Release|Any CPU
		{91C7E649-4D1F-403D-B663-549AE685E1B1}.Debug|Any CPU.ActiveCfg = Debug|Any CPU
		{91C7E649-4D1F-403D-B663-549AE685E1B1}.Debug|Any CPU.Build.0 = Debug|Any CPU
		{91C7E649-4D1F-403D-B663-549AE685E1B1}.Release|Any CPU.ActiveCfg = Release|Any CPU
		{91C7E649-4D1F-403D-B663-549AE685E1B1}.Release|Any CPU.Build.0 = Release|Any CPU
		{49D73832-2080-4839-9F8B-B76EC73E9C22}.Debug|Any CPU.ActiveCfg = Debug|Any CPU
		{49D73832-2080-4839-9F8B-B76EC73E9C22}.Debug|Any CPU.Build.0 = Debug|Any CPU
		{49D73832-2080-4839-9F8B-B76EC73E9C22}.Release|Any CPU.ActiveCfg = Release|Any CPU
		{49D73832-2080-4839-9F8B-B76EC73E9C22}.Release|Any CPU.Build.0 = Release|Any CPU
		{5F3C5CCE-5A2D-459A-A64D-2597DF031580}.Debug|Any CPU.ActiveCfg = Debug|Any CPU
		{5F3C5CCE-5A2D-459A-A64D-2597DF031580}.Debug|Any CPU.Build.0 = Debug|Any CPU
		{5F3C5CCE-5A2D-459A-A64D-2597DF031580}.Release|Any CPU.ActiveCfg = Release|Any CPU
		{5F3C5CCE-5A2D-459A-A64D-2597DF031580}.Release|Any CPU.Build.0 = Release|Any CPU
	EndGlobalSection
EndGlobal
