<Solution>
  <Folder Name="/Domain/">
    <Project Path="MeFriendApi.Domain/MeFriendApi.Domain.csproj" />
  </Folder>
  <Folder Name="/Repository/">
    <Project Path="MeFriendApi.Repository/MeFriendApi.Repository.csproj" />
  </Folder>
  <Folder Name="/Services/">
    <Project Path="MeFriendApi.Services/MeFriendApi.Services.csproj" />
  </Folder>
  <Project Path="MeFriendApi/MeFriendApi.csproj" />
</Solution>
